// !$*UTF8*$!
{
	archiveVersion = 1;
	classes = {
	};
	objectVersion = 56;
	objects = {

/* Begin PBXBuildFile section */
		62F937F82A7EB2F500147A8B /* AppDelegate.swift in Sources */ = {isa = PBXBuildFile; fileRef = 62F937F72A7EB2F500147A8B /* AppDelegate.swift */; };
		62F937FA2A7EB2F500147A8B /* SceneDelegate.swift in Sources */ = {isa = PBXBuildFile; fileRef = 62F937F92A7EB2F500147A8B /* SceneDelegate.swift */; };
		62F937FF2A7EB2F500147A8B /* Main.storyboard in Resources */ = {isa = PBXBuildFile; fileRef = 62F937FD2A7EB2F500147A8B /* Main.storyboard */; };
		62F938022A7EB2F500147A8B /* PageControl.xcdatamodeld in Sources */ = {isa = PBXBuildFile; fileRef = 62F938002A7EB2F500147A8B /* PageControl.xcdatamodeld */; };
		62F938042A7EB2F600147A8B /* Assets.xcassets in Resources */ = {isa = PBXBuildFile; fileRef = 62F938032A7EB2F600147A8B /* Assets.xcassets */; };
		62F938072A7EB2F600147A8B /* LaunchScreen.storyboard in Resources */ = {isa = PBXBuildFile; fileRef = 62F938052A7EB2F600147A8B /* LaunchScreen.storyboard */; };
		62F938122A7EB2F600147A8B /* PageControlTests.swift in Sources */ = {isa = PBXBuildFile; fileRef = 62F938112A7EB2F600147A8B /* PageControlTests.swift */; };
		62F9381C2A7EB2F600147A8B /* PageControlUITests.swift in Sources */ = {isa = PBXBuildFile; fileRef = 62F9381B2A7EB2F600147A8B /* PageControlUITests.swift */; };
		62F9381E2A7EB2F600147A8B /* PageControlUITestsLaunchTests.swift in Sources */ = {isa = PBXBuildFile; fileRef = 62F9381D2A7EB2F600147A8B /* PageControlUITestsLaunchTests.swift */; };
		62F9382F2A7EDC3600147A8B /* OnboardingViewController.swift in Sources */ = {isa = PBXBuildFile; fileRef = 62F9382E2A7EDC3600147A8B /* OnboardingViewController.swift */; };
		62F938332A7EE3F000147A8B /* 8.png in Resources */ = {isa = PBXBuildFile; fileRef = 62F938322A7EE3F000147A8B /* 8.png */; };
		62F938352A7EEAA400147A8B /* OnboardingSlide.swift in Sources */ = {isa = PBXBuildFile; fileRef = 62F938342A7EEAA400147A8B /* OnboardingSlide.swift */; };
		62F938372A7EEC7000147A8B /* OnboardingCollectionViewCell.swift in Sources */ = {isa = PBXBuildFile; fileRef = 62F938362A7EEC7000147A8B /* OnboardingCollectionViewCell.swift */; };
/* End PBXBuildFile section */

/* Begin PBXContainerItemProxy section */
		62F9380E2A7EB2F600147A8B /* PBXContainerItemProxy */ = {
			isa = PBXContainerItemProxy;
			containerPortal = 62F937EC2A7EB2F500147A8B /* Project object */;
			proxyType = 1;
			remoteGlobalIDString = 62F937F32A7EB2F500147A8B;
			remoteInfo = PageControl;
		};
		62F938182A7EB2F600147A8B /* PBXContainerItemProxy */ = {
			isa = PBXContainerItemProxy;
			containerPortal = 62F937EC2A7EB2F500147A8B /* Project object */;
			proxyType = 1;
			remoteGlobalIDString = 62F937F32A7EB2F500147A8B;
			remoteInfo = PageControl;
		};
/* End PBXContainerItemProxy section */

/* Begin PBXFileReference section */
		62F937F42A7EB2F500147A8B /* PageControl.app */ = {isa = PBXFileReference; explicitFileType = wrapper.application; includeInIndex = 0; path = PageControl.app; sourceTree = BUILT_PRODUCTS_DIR; };
		62F937F72A7EB2F500147A8B /* AppDelegate.swift */ = {isa = PBXFileReference; lastKnownFileType = sourcecode.swift; path = AppDelegate.swift; sourceTree = "<group>"; };
		62F937F92A7EB2F500147A8B /* SceneDelegate.swift */ = {isa = PBXFileReference; lastKnownFileType = sourcecode.swift; path = SceneDelegate.swift; sourceTree = "<group>"; };
		62F937FE2A7EB2F500147A8B /* Base */ = {isa = PBXFileReference; lastKnownFileType = file.storyboard; name = Base; path = Base.lproj/Main.storyboard; sourceTree = "<group>"; };
		62F938012A7EB2F500147A8B /* PageControl.xcdatamodel */ = {isa = PBXFileReference; lastKnownFileType = wrapper.xcdatamodel; path = PageControl.xcdatamodel; sourceTree = "<group>"; };
		62F938032A7EB2F600147A8B /* Assets.xcassets */ = {isa = PBXFileReference; lastKnownFileType = folder.assetcatalog; path = Assets.xcassets; sourceTree = "<group>"; };
		62F938062A7EB2F600147A8B /* Base */ = {isa = PBXFileReference; lastKnownFileType = file.storyboard; name = Base; path = Base.lproj/LaunchScreen.storyboard; sourceTree = "<group>"; };
		62F938082A7EB2F600147A8B /* Info.plist */ = {isa = PBXFileReference; lastKnownFileType = text.plist.xml; path = Info.plist; sourceTree = "<group>"; };
		62F9380D2A7EB2F600147A8B /* PageControlTests.xctest */ = {isa = PBXFileReference; explicitFileType = wrapper.cfbundle; includeInIndex = 0; path = PageControlTests.xctest; sourceTree = BUILT_PRODUCTS_DIR; };
		62F938112A7EB2F600147A8B /* PageControlTests.swift */ = {isa = PBXFileReference; lastKnownFileType = sourcecode.swift; path = PageControlTests.swift; sourceTree = "<group>"; };
		62F938172A7EB2F600147A8B /* PageControlUITests.xctest */ = {isa = PBXFileReference; explicitFileType = wrapper.cfbundle; includeInIndex = 0; path = PageControlUITests.xctest; sourceTree = BUILT_PRODUCTS_DIR; };
		62F9381B2A7EB2F600147A8B /* PageControlUITests.swift */ = {isa = PBXFileReference; lastKnownFileType = sourcecode.swift; path = PageControlUITests.swift; sourceTree = "<group>"; };
		62F9381D2A7EB2F600147A8B /* PageControlUITestsLaunchTests.swift */ = {isa = PBXFileReference; lastKnownFileType = sourcecode.swift; path = PageControlUITestsLaunchTests.swift; sourceTree = "<group>"; };
		62F9382E2A7EDC3600147A8B /* OnboardingViewController.swift */ = {isa = PBXFileReference; lastKnownFileType = sourcecode.swift; path = OnboardingViewController.swift; sourceTree = "<group>"; };
		62F938322A7EE3F000147A8B /* 8.png */ = {isa = PBXFileReference; lastKnownFileType = image.png; name = 8.png; path = ../../../Downloads/Light/iPhone/8.png; sourceTree = "<group>"; };
		62F938342A7EEAA400147A8B /* OnboardingSlide.swift */ = {isa = PBXFileReference; lastKnownFileType = sourcecode.swift; path = OnboardingSlide.swift; sourceTree = "<group>"; };
		62F938362A7EEC7000147A8B /* OnboardingCollectionViewCell.swift */ = {isa = PBXFileReference; lastKnownFileType = sourcecode.swift; path = OnboardingCollectionViewCell.swift; sourceTree = "<group>"; };
/* End PBXFileReference section */

/* Begin PBXFrameworksBuildPhase section */
		62F937F12A7EB2F500147A8B /* Frameworks */ = {
			isa = PBXFrameworksBuildPhase;
			buildActionMask = 2147483647;
			files = (
			);
			runOnlyForDeploymentPostprocessing = 0;
		};
		62F9380A2A7EB2F600147A8B /* Frameworks */ = {
			isa = PBXFrameworksBuildPhase;
			buildActionMask = 2147483647;
			files = (
			);
			runOnlyForDeploymentPostprocessing = 0;
		};
		62F938142A7EB2F600147A8B /* Frameworks */ = {
			isa = PBXFrameworksBuildPhase;
			buildActionMask = 2147483647;
			files = (
			);
			runOnlyForDeploymentPostprocessing = 0;
		};
/* End PBXFrameworksBuildPhase section */

/* Begin PBXGroup section */
		62F937EB2A7EB2F500147A8B = {
			isa = PBXGroup;
			children = (
				62F937F62A7EB2F500147A8B /* PageControl */,
				62F938102A7EB2F600147A8B /* PageControlTests */,
				62F9381A2A7EB2F600147A8B /* PageControlUITests */,
				62F937F52A7EB2F500147A8B /* Products */,
			);
			sourceTree = "<group>";
		};
		62F937F52A7EB2F500147A8B /* Products */ = {
			isa = PBXGroup;
			children = (
				62F937F42A7EB2F500147A8B /* PageControl.app */,
				62F9380D2A7EB2F600147A8B /* PageControlTests.xctest */,
				62F938172A7EB2F600147A8B /* PageControlUITests.xctest */,
			);
			name = Products;
			sourceTree = "<group>";
		};
		62F937F62A7EB2F500147A8B /* PageControl */ = {
			isa = PBXGroup;
			children = (
				62F938322A7EE3F000147A8B /* 8.png */,
				62F9382C2A7EDC0A00147A8B /* Models */,
				62F9382B2A7EDBF300147A8B /* CustomViews */,
				62F9382A2A7EDBEC00147A8B /* Views */,
				62F937F72A7EB2F500147A8B /* AppDelegate.swift */,
				62F937F92A7EB2F500147A8B /* SceneDelegate.swift */,
				62F937FD2A7EB2F500147A8B /* Main.storyboard */,
				62F938032A7EB2F600147A8B /* Assets.xcassets */,
				62F938052A7EB2F600147A8B /* LaunchScreen.storyboard */,
				62F938082A7EB2F600147A8B /* Info.plist */,
				62F938002A7EB2F500147A8B /* PageControl.xcdatamodeld */,
			);
			path = PageControl;
			sourceTree = "<group>";
		};
		62F938102A7EB2F600147A8B /* PageControlTests */ = {
			isa = PBXGroup;
			children = (
				62F938112A7EB2F600147A8B /* PageControlTests.swift */,
			);
			path = PageControlTests;
			sourceTree = "<group>";
		};
		62F9381A2A7EB2F600147A8B /* PageControlUITests */ = {
			isa = PBXGroup;
			children = (
				62F9381B2A7EB2F600147A8B /* PageControlUITests.swift */,
				62F9381D2A7EB2F600147A8B /* PageControlUITestsLaunchTests.swift */,
			);
			path = PageControlUITests;
			sourceTree = "<group>";
		};
		62F9382A2A7EDBEC00147A8B /* Views */ = {
			isa = PBXGroup;
			children = (
				62F9382D2A7EDC1700147A8B /* Onboarding */,
			);
			path = Views;
			sourceTree = "<group>";
		};
		62F9382B2A7EDBF300147A8B /* CustomViews */ = {
			isa = PBXGroup;
			children = (
			);
			path = CustomViews;
			sourceTree = "<group>";
		};
		62F9382C2A7EDC0A00147A8B /* Models */ = {
			isa = PBXGroup;
			children = (
				62F938342A7EEAA400147A8B /* OnboardingSlide.swift */,
			);
			path = Models;
			sourceTree = "<group>";
		};
		62F9382D2A7EDC1700147A8B /* Onboarding */ = {
			isa = PBXGroup;
			children = (
				62F9382E2A7EDC3600147A8B /* OnboardingViewController.swift */,
				62F938362A7EEC7000147A8B /* OnboardingCollectionViewCell.swift */,
			);
			path = Onboarding;
			sourceTree = "<group>";
		};
/* End PBXGroup section */

/* Begin PBXNativeTarget section */
		62F937F32A7EB2F500147A8B /* PageControl */ = {
			isa = PBXNativeTarget;
			buildConfigurationList = 62F938212A7EB2F600147A8B /* Build configuration list for PBXNativeTarget "PageControl" */;
			buildPhases = (
				62F937F02A7EB2F500147A8B /* Sources */,
				62F937F12A7EB2F500147A8B /* Frameworks */,
				62F937F22A7EB2F500147A8B /* Resources */,
			);
			buildRules = (
			);
			dependencies = (
			);
			name = PageControl;
			productName = PageControl;
			productReference = 62F937F42A7EB2F500147A8B /* PageControl.app */;
			productType = "com.apple.product-type.application";
		};
		62F9380C2A7EB2F600147A8B /* PageControlTests */ = {
			isa = PBXNativeTarget;
			buildConfigurationList = 62F938242A7EB2F600147A8B /* Build configuration list for PBXNativeTarget "PageControlTests" */;
			buildPhases = (
				62F938092A7EB2F600147A8B /* Sources */,
				62F9380A2A7EB2F600147A8B /* Frameworks */,
				62F9380B2A7EB2F600147A8B /* Resources */,
			);
			buildRules = (
			);
			dependencies = (
				62F9380F2A7EB2F600147A8B /* PBXTargetDependency */,
			);
			name = PageControlTests;
			productName = PageControlTests;
			productReference = 62F9380D2A7EB2F600147A8B /* PageControlTests.xctest */;
			productType = "com.apple.product-type.bundle.unit-test";
		};
		62F938162A7EB2F600147A8B /* PageControlUITests */ = {
			isa = PBXNativeTarget;
			buildConfigurationList = 62F938272A7EB2F600147A8B /* Build configuration list for PBXNativeTarget "PageControlUITests" */;
			buildPhases = (
				62F938132A7EB2F600147A8B /* Sources */,
				62F938142A7EB2F600147A8B /* Frameworks */,
				62F938152A7EB2F600147A8B /* Resources */,
			);
			buildRules = (
			);
			dependencies = (
				62F938192A7EB2F600147A8B /* PBXTargetDependency */,
			);
			name = PageControlUITests;
			productName = PageControlUITests;
			productReference = 62F938172A7EB2F600147A8B /* PageControlUITests.xctest */;
			productType = "com.apple.product-type.bundle.ui-testing";
		};
/* End PBXNativeTarget section */

/* Begin PBXProject section */
		62F937EC2A7EB2F500147A8B /* Project object */ = {
			isa = PBXProject;
			attributes = {
				BuildIndependentTargetsInParallel = 1;
				LastSwiftUpdateCheck = 1430;
				LastUpgradeCheck = 1430;
				TargetAttributes = {
					62F937F32A7EB2F500147A8B = {
						CreatedOnToolsVersion = 14.3.1;
					};
					62F9380C2A7EB2F600147A8B = {
						CreatedOnToolsVersion = 14.3.1;
						TestTargetID = 62F937F32A7EB2F500147A8B;
					};
					62F938162A7EB2F600147A8B = {
						CreatedOnToolsVersion = 14.3.1;
						TestTargetID = 62F937F32A7EB2F500147A8B;
					};
				};
			};
			buildConfigurationList = 62F937EF2A7EB2F500147A8B /* Build configuration list for PBXProject "PageControl" */;
			compatibilityVersion = "Xcode 14.0";
			developmentRegion = en;
			hasScannedForEncodings = 0;
			knownRegions = (
				en,
				Base,
			);
			mainGroup = 62F937EB2A7EB2F500147A8B;
			productRefGroup = 62F937F52A7EB2F500147A8B /* Products */;
			projectDirPath = "";
			projectRoot = "";
			targets = (
				62F937F32A7EB2F500147A8B /* PageControl */,
				62F9380C2A7EB2F600147A8B /* PageControlTests */,
				62F938162A7EB2F600147A8B /* PageControlUITests */,
			);
		};
/* End PBXProject section */

/* Begin PBXResourcesBuildPhase section */
		62F937F22A7EB2F500147A8B /* Resources */ = {
			isa = PBXResourcesBuildPhase;
			buildActionMask = 2147483647;
			files = (
				62F938332A7EE3F000147A8B /* 8.png in Resources */,
				62F938072A7EB2F600147A8B /* LaunchScreen.storyboard in Resources */,
				62F938042A7EB2F600147A8B /* Assets.xcassets in Resources */,
				62F937FF2A7EB2F500147A8B /* Main.storyboard in Resources */,
			);
			runOnlyForDeploymentPostprocessing = 0;
		};
		62F9380B2A7EB2F600147A8B /* Resources */ = {
			isa = PBXResourcesBuildPhase;
			buildActionMask = 2147483647;
			files = (
			);
			runOnlyForDeploymentPostprocessing = 0;
		};
		62F938152A7EB2F600147A8B /* Resources */ = {
			isa = PBXResourcesBuildPhase;
			buildActionMask = 2147483647;
			files = (
			);
			runOnlyForDeploymentPostprocessing = 0;
		};
/* End PBXResourcesBuildPhase section */

/* Begin PBXSourcesBuildPhase section */
		62F937F02A7EB2F500147A8B /* Sources */ = {
			isa = PBXSourcesBuildPhase;
			buildActionMask = 2147483647;
			files = (
				62F938352A7EEAA400147A8B /* OnboardingSlide.swift in Sources */,
				62F937F82A7EB2F500147A8B /* AppDelegate.swift in Sources */,
				62F9382F2A7EDC3600147A8B /* OnboardingViewController.swift in Sources */,
				62F938022A7EB2F500147A8B /* PageControl.xcdatamodeld in Sources */,
				62F937FA2A7EB2F500147A8B /* SceneDelegate.swift in Sources */,
				62F938372A7EEC7000147A8B /* OnboardingCollectionViewCell.swift in Sources */,
			);
			runOnlyForDeploymentPostprocessing = 0;
		};
		62F938092A7EB2F600147A8B /* Sources */ = {
			isa = PBXSourcesBuildPhase;
			buildActionMask = 2147483647;
			files = (
				62F938122A7EB2F600147A8B /* PageControlTests.swift in Sources */,
			);
			runOnlyForDeploymentPostprocessing = 0;
		};
		62F938132A7EB2F600147A8B /* Sources */ = {
			isa = PBXSourcesBuildPhase;
			buildActionMask = 2147483647;
			files = (
				62F9381C2A7EB2F600147A8B /* PageControlUITests.swift in Sources */,
				62F9381E2A7EB2F600147A8B /* PageControlUITestsLaunchTests.swift in Sources */,
			);
			runOnlyForDeploymentPostprocessing = 0;
		};
/* End PBXSourcesBuildPhase section */

/* Begin PBXTargetDependency section */
		62F9380F2A7EB2F600147A8B /* PBXTargetDependency */ = {
			isa = PBXTargetDependency;
			target = 62F937F32A7EB2F500147A8B /* PageControl */;
			targetProxy = 62F9380E2A7EB2F600147A8B /* PBXContainerItemProxy */;
		};
		62F938192A7EB2F600147A8B /* PBXTargetDependency */ = {
			isa = PBXTargetDependency;
			target = 62F937F32A7EB2F500147A8B /* PageControl */;
			targetProxy = 62F938182A7EB2F600147A8B /* PBXContainerItemProxy */;
		};
/* End PBXTargetDependency section */

/* Begin PBXVariantGroup section */
		62F937FD2A7EB2F500147A8B /* Main.storyboard */ = {
			isa = PBXVariantGroup;
			children = (
				62F937FE2A7EB2F500147A8B /* Base */,
			);
			name = Main.storyboard;
			sourceTree = "<group>";
		};
		62F938052A7EB2F600147A8B /* LaunchScreen.storyboard */ = {
			isa = PBXVariantGroup;
			children = (
				62F938062A7EB2F600147A8B /* Base */,
			);
			name = LaunchScreen.storyboard;
			sourceTree = "<group>";
		};
/* End PBXVariantGroup section */

/* Begin XCBuildConfiguration section */
		62F9381F2A7EB2F600147A8B /* Debug */ = {
			isa = XCBuildConfiguration;
			buildSettings = {
				ALWAYS_SEARCH_USER_PATHS = NO;
				CLANG_ANALYZER_NONNULL = YES;
				CLANG_ANALYZER_NUMBER_OBJECT_CONVERSION = YES_AGGRESSIVE;
				CLANG_CXX_LANGUAGE_STANDARD = "gnu++20";
				CLANG_ENABLE_MODULES = YES;
				CLANG_ENABLE_OBJC_ARC = YES;
				CLANG_ENABLE_OBJC_WEAK = YES;
				CLANG_WARN_BLOCK_CAPTURE_AUTORELEASING = YES;
				CLANG_WARN_BOOL_CONVERSION = YES;
				CLANG_WARN_COMMA = YES;
				CLANG_WARN_CONSTANT_CONVERSION = YES;
				CLANG_WARN_DEPRECATED_OBJC_IMPLEMENTATIONS = YES;
				CLANG_WARN_DIRECT_OBJC_ISA_USAGE = YES_ERROR;
				CLANG_WARN_DOCUMENTATION_COMMENTS = YES;
				CLANG_WARN_EMPTY_BODY = YES;
				CLANG_WARN_ENUM_CONVERSION = YES;
				CLANG_WARN_INFINITE_RECURSION = YES;
				CLANG_WARN_INT_CONVERSION = YES;
				CLANG_WARN_NON_LITERAL_NULL_CONVERSION = YES;
				CLANG_WARN_OBJC_IMPLICIT_RETAIN_SELF = YES;
				CLANG_WARN_OBJC_LITERAL_CONVERSION = YES;
				CLANG_WARN_OBJC_ROOT_CLASS = YES_ERROR;
				CLANG_WARN_QUOTED_INCLUDE_IN_FRAMEWORK_HEADER = YES;
				CLANG_WARN_RANGE_LOOP_ANALYSIS = YES;
				CLANG_WARN_STRICT_PROTOTYPES = YES;
				CLANG_WARN_SUSPICIOUS_MOVE = YES;
				CLANG_WARN_UNGUARDED_AVAILABILITY = YES_AGGRESSIVE;
				CLANG_WARN_UNREACHABLE_CODE = YES;
				CLANG_WARN__DUPLICATE_METHOD_MATCH = YES;
				COPY_PHASE_STRIP = NO;
				DEBUG_INFORMATION_FORMAT = dwarf;
				ENABLE_STRICT_OBJC_MSGSEND = YES;
				ENABLE_TESTABILITY = YES;
				GCC_C_LANGUAGE_STANDARD = gnu11;
				GCC_DYNAMIC_NO_PIC = NO;
				GCC_NO_COMMON_BLOCKS = YES;
				GCC_OPTIMIZATION_LEVEL = 0;
				GCC_PREPROCESSOR_DEFINITIONS = (
					"DEBUG=1",
					"$(inherited)",
				);
				GCC_WARN_64_TO_32_BIT_CONVERSION = YES;
				GCC_WARN_ABOUT_RETURN_TYPE = YES_ERROR;
				GCC_WARN_UNDECLARED_SELECTOR = YES;
				GCC_WARN_UNINITIALIZED_AUTOS = YES_AGGRESSIVE;
				GCC_WARN_UNUSED_FUNCTION = YES;
				GCC_WARN_UNUSED_VARIABLE = YES;
				IPHONEOS_DEPLOYMENT_TARGET = 16.4;
				MTL_ENABLE_DEBUG_INFO = INCLUDE_SOURCE;
				MTL_FAST_MATH = YES;
				ONLY_ACTIVE_ARCH = YES;
				SDKROOT = iphoneos;
				SWIFT_ACTIVE_COMPILATION_CONDITIONS = DEBUG;
				SWIFT_OPTIMIZATION_LEVEL = "-Onone";
			};
			name = Debug;
		};
		62F938202A7EB2F600147A8B /* Release */ = {
			isa = XCBuildConfiguration;
			buildSettings = {
				ALWAYS_SEARCH_USER_PATHS = NO;
				CLANG_ANALYZER_NONNULL = YES;
				CLANG_ANALYZER_NUMBER_OBJECT_CONVERSION = YES_AGGRESSIVE;
				CLANG_CXX_LANGUAGE_STANDARD = "gnu++20";
				CLANG_ENABLE_MODULES = YES;
				CLANG_ENABLE_OBJC_ARC = YES;
				CLANG_ENABLE_OBJC_WEAK = YES;
				CLANG_WARN_BLOCK_CAPTURE_AUTORELEASING = YES;
				CLANG_WARN_BOOL_CONVERSION = YES;
				CLANG_WARN_COMMA = YES;
				CLANG_WARN_CONSTANT_CONVERSION = YES;
				CLANG_WARN_DEPRECATED_OBJC_IMPLEMENTATIONS = YES;
				CLANG_WARN_DIRECT_OBJC_ISA_USAGE = YES_ERROR;
				CLANG_WARN_DOCUMENTATION_COMMENTS = YES;
				CLANG_WARN_EMPTY_BODY = YES;
				CLANG_WARN_ENUM_CONVERSION = YES;
				CLANG_WARN_INFINITE_RECURSION = YES;
				CLANG_WARN_INT_CONVERSION = YES;
				CLANG_WARN_NON_LITERAL_NULL_CONVERSION = YES;
				CLANG_WARN_OBJC_IMPLICIT_RETAIN_SELF = YES;
				CLANG_WARN_OBJC_LITERAL_CONVERSION = YES;
				CLANG_WARN_OBJC_ROOT_CLASS = YES_ERROR;
				CLANG_WARN_QUOTED_INCLUDE_IN_FRAMEWORK_HEADER = YES;
				CLANG_WARN_RANGE_LOOP_ANALYSIS = YES;
				CLANG_WARN_STRICT_PROTOTYPES = YES;
				CLANG_WARN_SUSPICIOUS_MOVE = YES;
				CLANG_WARN_UNGUARDED_AVAILABILITY = YES_AGGRESSIVE;
				CLANG_WARN_UNREACHABLE_CODE = YES;
				CLANG_WARN__DUPLICATE_METHOD_MATCH = YES;
				COPY_PHASE_STRIP = NO;
				DEBUG_INFORMATION_FORMAT = "dwarf-with-dsym";
				ENABLE_NS_ASSERTIONS = NO;
				ENABLE_STRICT_OBJC_MSGSEND = YES;
				GCC_C_LANGUAGE_STANDARD = gnu11;
				GCC_NO_COMMON_BLOCKS = YES;
				GCC_WARN_64_TO_32_BIT_CONVERSION = YES;
				GCC_WARN_ABOUT_RETURN_TYPE = YES_ERROR;
				GCC_WARN_UNDECLARED_SELECTOR = YES;
				GCC_WARN_UNINITIALIZED_AUTOS = YES_AGGRESSIVE;
				GCC_WARN_UNUSED_FUNCTION = YES;
				GCC_WARN_UNUSED_VARIABLE = YES;
				IPHONEOS_DEPLOYMENT_TARGET = 16.4;
				MTL_ENABLE_DEBUG_INFO = NO;
				MTL_FAST_MATH = YES;
				SDKROOT = iphoneos;
				SWIFT_COMPILATION_MODE = wholemodule;
				SWIFT_OPTIMIZATION_LEVEL = "-O";
				VALIDATE_PRODUCT = YES;
			};
			name = Release;
		};
		62F938222A7EB2F600147A8B /* Debug */ = {
			isa = XCBuildConfiguration;
			buildSettings = {
				ASSETCATALOG_COMPILER_APPICON_NAME = AppIcon;
				ASSETCATALOG_COMPILER_GLOBAL_ACCENT_COLOR_NAME = AccentColor;
				CODE_SIGN_STYLE = Automatic;
				CURRENT_PROJECT_VERSION = 1;
				DEVELOPMENT_TEAM = 3GT25T74C9;
				GENERATE_INFOPLIST_FILE = YES;
				INFOPLIST_FILE = PageControl/Info.plist;
				INFOPLIST_KEY_UIApplicationSupportsIndirectInputEvents = YES;
				INFOPLIST_KEY_UILaunchStoryboardName = LaunchScreen;
				INFOPLIST_KEY_UIMainStoryboardFile = Main;
				INFOPLIST_KEY_UISupportedInterfaceOrientations_iPad = "UIInterfaceOrientationPortrait UIInterfaceOrientationPortraitUpsideDown UIInterfaceOrientationLandscapeLeft UIInterfaceOrientationLandscapeRight";
				INFOPLIST_KEY_UISupportedInterfaceOrientations_iPhone = "UIInterfaceOrientationPortrait UIInterfaceOrientationLandscapeLeft UIInterfaceOrientationLandscapeRight";
				LD_RUNPATH_SEARCH_PATHS = (
					"$(inherited)",
					"@executable_path/Frameworks",
				);
				MARKETING_VERSION = 1.0;
				PRODUCT_BUNDLE_IDENTIFIER = learningPageController.PageControl;
				PRODUCT_NAME = "$(TARGET_NAME)";
				SWIFT_EMIT_LOC_STRINGS = YES;
				SWIFT_VERSION = 5.0;
				TARGETED_DEVICE_FAMILY = "1,2";
			};
			name = Debug;
		};
		62F938232A7EB2F600147A8B /* Release */ = {
			isa = XCBuildConfiguration;
			buildSettings = {
				ASSETCATALOG_COMPILER_APPICON_NAME = AppIcon;
				ASSETCATALOG_COMPILER_GLOBAL_ACCENT_COLOR_NAME = AccentColor;
				CODE_SIGN_STYLE = Automatic;
				CURRENT_PROJECT_VERSION = 1;
				DEVELOPMENT_TEAM = 3GT25T74C9;
				GENERATE_INFOPLIST_FILE = YES;
				INFOPLIST_FILE = PageControl/Info.plist;
				INFOPLIST_KEY_UIApplicationSupportsIndirectInputEvents = YES;
				INFOPLIST_KEY_UILaunchStoryboardName = LaunchScreen;
				INFOPLIST_KEY_UIMainStoryboardFile = Main;
				INFOPLIST_KEY_UISupportedInterfaceOrientations_iPad = "UIInterfaceOrientationPortrait UIInterfaceOrientationPortraitUpsideDown UIInterfaceOrientationLandscapeLeft UIInterfaceOrientationLandscapeRight";
				INFOPLIST_KEY_UISupportedInterfaceOrientations_iPhone = "UIInterfaceOrientationPortrait UIInterfaceOrientationLandscapeLeft UIInterfaceOrientationLandscapeRight";
				LD_RUNPATH_SEARCH_PATHS = (
					"$(inherited)",
					"@executable_path/Frameworks",
				);
				MARKETING_VERSION = 1.0;
				PRODUCT_BUNDLE_IDENTIFIER = learningPageController.PageControl;
				PRODUCT_NAME = "$(TARGET_NAME)";
				SWIFT_EMIT_LOC_STRINGS = YES;
				SWIFT_VERSION = 5.0;
				TARGETED_DEVICE_FAMILY = "1,2";
			};
			name = Release;
		};
		62F938252A7EB2F600147A8B /* Debug */ = {
			isa = XCBuildConfiguration;
			buildSettings = {
				ALWAYS_EMBED_SWIFT_STANDARD_LIBRARIES = YES;
				BUNDLE_LOADER = "$(TEST_HOST)";
				CODE_SIGN_STYLE = Automatic;
				CURRENT_PROJECT_VERSION = 1;
				DEVELOPMENT_TEAM = 3GT25T74C9;
				GENERATE_INFOPLIST_FILE = YES;
				IPHONEOS_DEPLOYMENT_TARGET = 16.4;
				MARKETING_VERSION = 1.0;
				PRODUCT_BUNDLE_IDENTIFIER = learningPageController.PageControlTests;
				PRODUCT_NAME = "$(TARGET_NAME)";
				SWIFT_EMIT_LOC_STRINGS = NO;
				SWIFT_VERSION = 5.0;
				TARGETED_DEVICE_FAMILY = "1,2";
				TEST_HOST = "$(BUILT_PRODUCTS_DIR)/PageControl.app/$(BUNDLE_EXECUTABLE_FOLDER_PATH)/PageControl";
			};
			name = Debug;
		};
		62F938262A7EB2F600147A8B /* Release */ = {
			isa = XCBuildConfiguration;
			buildSettings = {
				ALWAYS_EMBED_SWIFT_STANDARD_LIBRARIES = YES;
				BUNDLE_LOADER = "$(TEST_HOST)";
				CODE_SIGN_STYLE = Automatic;
				CURRENT_PROJECT_VERSION = 1;
				DEVELOPMENT_TEAM = 3GT25T74C9;
				GENERATE_INFOPLIST_FILE = YES;
				IPHONEOS_DEPLOYMENT_TARGET = 16.4;
				MARKETING_VERSION = 1.0;
				PRODUCT_BUNDLE_IDENTIFIER = learningPageController.PageControlTests;
				PRODUCT_NAME = "$(TARGET_NAME)";
				SWIFT_EMIT_LOC_STRINGS = NO;
				SWIFT_VERSION = 5.0;
				TARGETED_DEVICE_FAMILY = "1,2";
				TEST_HOST = "$(BUILT_PRODUCTS_DIR)/PageControl.app/$(BUNDLE_EXECUTABLE_FOLDER_PATH)/PageControl";
			};
			name = Release;
		};
		62F938282A7EB2F600147A8B /* Debug */ = {
			isa = XCBuildConfiguration;
			buildSettings = {
				ALWAYS_EMBED_SWIFT_STANDARD_LIBRARIES = YES;
				CODE_SIGN_STYLE = Automatic;
				CURRENT_PROJECT_VERSION = 1;
				DEVELOPMENT_TEAM = 3GT25T74C9;
				GENERATE_INFOPLIST_FILE = YES;
				MARKETING_VERSION = 1.0;
				PRODUCT_BUNDLE_IDENTIFIER = learningPageController.PageControlUITests;
				PRODUCT_NAME = "$(TARGET_NAME)";
				SWIFT_EMIT_LOC_STRINGS = NO;
				SWIFT_VERSION = 5.0;
				TARGETED_DEVICE_FAMILY = "1,2";
				TEST_TARGET_NAME = PageControl;
			};
			name = Debug;
		};
		62F938292A7EB2F600147A8B /* Release */ = {
			isa = XCBuildConfiguration;
			buildSettings = {
				ALWAYS_EMBED_SWIFT_STANDARD_LIBRARIES = YES;
				CODE_SIGN_STYLE = Automatic;
				CURRENT_PROJECT_VERSION = 1;
				DEVELOPMENT_TEAM = 3GT25T74C9;
				GENERATE_INFOPLIST_FILE = YES;
				MARKETING_VERSION = 1.0;
				PRODUCT_BUNDLE_IDENTIFIER = learningPageController.PageControlUITests;
				PRODUCT_NAME = "$(TARGET_NAME)";
				SWIFT_EMIT_LOC_STRINGS = NO;
				SWIFT_VERSION = 5.0;
				TARGETED_DEVICE_FAMILY = "1,2";
				TEST_TARGET_NAME = PageControl;
			};
			name = Release;
		};
/* End XCBuildConfiguration section */

/* Begin XCConfigurationList section */
		62F937EF2A7EB2F500147A8B /* Build configuration list for PBXProject "PageControl" */ = {
			isa = XCConfigurationList;
			buildConfigurations = (
				62F9381F2A7EB2F600147A8B /* Debug */,
				62F938202A7EB2F600147A8B /* Release */,
			);
			defaultConfigurationIsVisible = 0;
			defaultConfigurationName = Release;
		};
		62F938212A7EB2F600147A8B /* Build configuration list for PBXNativeTarget "PageControl" */ = {
			isa = XCConfigurationList;
			buildConfigurations = (
				62F938222A7EB2F600147A8B /* Debug */,
				62F938232A7EB2F600147A8B /* Release */,
			);
			defaultConfigurationIsVisible = 0;
			defaultConfigurationName = Release;
		};
		62F938242A7EB2F600147A8B /* Build configuration list for PBXNativeTarget "PageControlTests" */ = {
			isa = XCConfigurationList;
			buildConfigurations = (
				62F938252A7EB2F600147A8B /* Debug */,
				62F938262A7EB2F600147A8B /* Release */,
			);
			defaultConfigurationIsVisible = 0;
			defaultConfigurationName = Release;
		};
		62F938272A7EB2F600147A8B /* Build configuration list for PBXNativeTarget "PageControlUITests" */ = {
			isa = XCConfigurationList;
			buildConfigurations = (
				62F938282A7EB2F600147A8B /* Debug */,
				62F938292A7EB2F600147A8B /* Release */,
			);
			defaultConfigurationIsVisible = 0;
			defaultConfigurationName = Release;
		};
/* End XCConfigurationList section */

/* Begin XCVersionGroup section */
		62F938002A7EB2F500147A8B /* PageControl.xcdatamodeld */ = {
			isa = XCVersionGroup;
			children = (
				62F938012A7EB2F500147A8B /* PageControl.xcdatamodel */,
			);
			currentVersion = 62F938012A7EB2F500147A8B /* PageControl.xcdatamodel */;
			path = PageControl.xcdatamodeld;
			sourceTree = "<group>";
			versionGroupType = wrapper.xcdatamodel;
		};
/* End XCVersionGroup section */
	};
	rootObject = 62F937EC2A7EB2F500147A8B /* Project object */;
}
